
Microsoft Visual Studio Solution File, Format Version 12.00
# Visual Studio 15
Project("{FAE04EC0-301F-11D3-BF4B-00C04F79EFBC}") = "Unity.Timeline", "Unity.Timeline.csproj", "{1AACC1D9-C6D7-94DE-3E0F-D015AC44436E}"
EndProject
Project("{FAE04EC0-301F-11D3-BF4B-00C04F79EFBC}") = "Unity.Timeline.Editor", "Unity.Timeline.Editor.csproj", "{CA2AA6A3-5624-FCD9-C48F-10B0F639A329}"
EndProject
Project("{FAE04EC0-301F-11D3-BF4B-00C04F79EFBC}") = "Unity.TextMeshPro.Editor", "Unity.TextMeshPro.Editor.csproj", "{F4F3917E-A0C7-C7C3-DD22-3E05AF43CD1D}"
EndProject
Project("{FAE04EC0-301F-11D3-BF4B-00C04F79EFBC}") = "Unity.VisualScripting.Flow", "Unity.VisualScripting.Flow.csproj", "{D86FCAAB-E4AA-1FD9-77DC-27A3D12CB5DA}"
EndProject
Project("{FAE04EC0-301F-11D3-BF4B-00C04F79EFBC}") = "Unity.ProBuilder", "Unity.ProBuilder.csproj", "{C3BBAC59-897C-6B14-3048-7998B0DD6846}"
EndProject
Project("{FAE04EC0-301F-11D3-BF4B-00C04F79EFBC}") = "Unity.PlasticSCM.Editor", "Unity.PlasticSCM.Editor.csproj", "{B74FDF3B-3EB4-0BE1-0D85-EFA5A192D328}"
EndProject
Project("{FAE04EC0-301F-11D3-BF4B-00C04F79EFBC}") = "Unity.ProBuilder.Editor", "Unity.ProBuilder.Editor.csproj", "{4B22706E-A3CF-4083-A8DE-8E6F3AF50F4C}"
EndProject
Project("{FAE04EC0-301F-11D3-BF4B-00C04F79EFBC}") = "Unity.VisualScripting.Core", "Unity.VisualScripting.Core.csproj", "{DB69F4DB-686F-43D4-251D-2EB238E667C6}"
EndProject
Project("{FAE04EC0-301F-11D3-BF4B-00C04F79EFBC}") = "Unity.VisualScripting.Core.Editor", "Unity.VisualScripting.Core.Editor.csproj", "{3AB61B14-BD9B-3E4B-5D0F-56F2E2DF70EF}"
EndProject
Project("{FAE04EC0-301F-11D3-BF4B-00C04F79EFBC}") = "Unity.VisualScripting.Flow.Editor", "Unity.VisualScripting.Flow.Editor.csproj", "{67690DDE-6A05-2CFE-4BD7-B1C3ADAE0FCA}"
EndProject
Project("{FAE04EC0-301F-11D3-BF4B-00C04F79EFBC}") = "UnityEditor.TestRunner", "UnityEditor.TestRunner.csproj", "{AF9C2D45-9D11-5A7C-32C2-9666BA47741A}"
EndProject
Project("{FAE04EC0-301F-11D3-BF4B-00C04F79EFBC}") = "Unity.ProBuilder.Poly2Tri", "Unity.ProBuilder.Poly2Tri.csproj", "{67B75606-C035-C8FA-3324-C4A7A14BADB8}"
EndProject
Project("{FAE04EC0-301F-11D3-BF4B-00C04F79EFBC}") = "Unity.VisualScripting.SettingsProvider.Editor", "Unity.VisualScripting.SettingsProvider.Editor.csproj", "{BA1B531F-4921-DFB5-5768-E636E39D335B}"
EndProject
Project("{FAE04EC0-301F-11D3-BF4B-00C04F79EFBC}") = "UnityEngine.TestRunner", "UnityEngine.TestRunner.csproj", "{DF0BF198-A1F6-947B-47B6-1785DF49CB8E}"
EndProject
Project("{FAE04EC0-301F-11D3-BF4B-00C04F79EFBC}") = "Unity.ProBuilder.Csg", "Unity.ProBuilder.Csg.csproj", "{3C0C1C77-E6BC-49BC-D313-925F0E8FA9C7}"
EndProject
Project("{FAE04EC0-301F-11D3-BF4B-00C04F79EFBC}") = "Unity.VisualStudio.Editor", "Unity.VisualStudio.Editor.csproj", "{88CD03E2-F140-0752-5ADE-15BC97EE338A}"
EndProject
Project("{FAE04EC0-301F-11D3-BF4B-00C04F79EFBC}") = "Assembly-CSharp", "Assembly-CSharp.csproj", "{3DA9DF13-4277-60D4-C6B9-596826924769}"
EndProject
Project("{FAE04EC0-301F-11D3-BF4B-00C04F79EFBC}") = "Unity.TestTools.CodeCoverage.Editor.OpenCover.Model", "Unity.TestTools.CodeCoverage.Editor.OpenCover.Model.csproj", "{EC0B3A62-1249-3C61-60DC-EC964990D804}"
EndProject
Project("{FAE04EC0-301F-11D3-BF4B-00C04F79EFBC}") = "Unity.Rider.Editor", "Unity.Rider.Editor.csproj", "{011B43C7-9905-311B-4E1D-FED04AD59363}"
EndProject
Project("{FAE04EC0-301F-11D3-BF4B-00C04F79EFBC}") = "Unity.Postprocessing.Runtime", "Unity.Postprocessing.Runtime.csproj", "{85C264EB-FEE5-AC72-99D1-A5F6C55CEBFE}"
EndProject
Project("{FAE04EC0-301F-11D3-BF4B-00C04F79EFBC}") = "Unity.VisualScripting.State.Editor", "Unity.VisualScripting.State.Editor.csproj", "{9C7B882A-A6BC-A63C-E651-3B61126797BD}"
EndProject
Project("{FAE04EC0-301F-11D3-BF4B-00C04F79EFBC}") = "Unity.TestTools.CodeCoverage.Editor", "Unity.TestTools.CodeCoverage.Editor.csproj", "{DB5033A5-88CF-E160-0B7D-D961C713F834}"
EndProject
Project("{FAE04EC0-301F-11D3-BF4B-00C04F79EFBC}") = "Unity.Postprocessing.Editor", "Unity.Postprocessing.Editor.csproj", "{D9D63B9C-E4FC-2493-A557-9D0586106938}"
EndProject
Project("{FAE04EC0-301F-11D3-BF4B-00C04F79EFBC}") = "Unity.VisualScripting.State", "Unity.VisualScripting.State.csproj", "{81B388DA-5644-A80C-F7E3-5664A3368511}"
EndProject
Project("{FAE04EC0-301F-11D3-BF4B-00C04F79EFBC}") = "Unity.TextMeshPro", "Unity.TextMeshPro.csproj", "{1D413A40-80F2-1471-A300-4D920AE530CF}"
EndProject
Project("{FAE04EC0-301F-11D3-BF4B-00C04F79EFBC}") = "Unity.Performance.Profile-Analyzer.Editor", "Unity.Performance.Profile-Analyzer.Editor.csproj", "{91D23C11-8D49-DC83-ADB9-5ED8971347F8}"
EndProject
Project("{FAE04EC0-301F-11D3-BF4B-00C04F79EFBC}") = "Assembly-CSharp-firstpass", "Assembly-CSharp-firstpass.csproj", "{293890E8-3CD5-3E25-3062-8D9DBC4F0D70}"
EndProject
Project("{FAE04EC0-301F-11D3-BF4B-00C04F79EFBC}") = "Unity.VSCode.Editor", "Unity.VSCode.Editor.csproj", "{D6E1FA2A-64F8-10B3-089E-B1B1E907DD74}"
EndProject
Project("{FAE04EC0-301F-11D3-BF4B-00C04F79EFBC}") = "Unity.TestTools.CodeCoverage.Editor.OpenCover.Mono.Reflection", "Unity.TestTools.CodeCoverage.Editor.OpenCover.Mono.Reflection.csproj", "{B028000B-72EC-6182-AAAF-3379FF4649D9}"
EndProject
Project("{FAE04EC0-301F-11D3-BF4B-00C04F79EFBC}") = "Unity.ProBuilder.Stl", "Unity.ProBuilder.Stl.csproj", "{9D77FC00-3151-CAF3-A8CC-7D74DE9894F2}"
EndProject
Project("{FAE04EC0-301F-11D3-BF4B-00C04F79EFBC}") = "Unity.Settings.Editor", "Unity.Settings.Editor.csproj", "{C2D153B6-BEB7-E95C-26D7-CED019FF4EF0}"
EndProject
Project("{FAE04EC0-301F-11D3-BF4B-00C04F79EFBC}") = "Unity.ProBuilder.AssetIdRemapUtility", "Unity.ProBuilder.AssetIdRemapUtility.csproj", "{A4DA3C4B-543E-C0FF-CE38-117C36F81385}"
EndProject
Project("{FAE04EC0-301F-11D3-BF4B-00C04F79EFBC}") = "Unity.ProBuilder.KdTree", "Unity.ProBuilder.KdTree.csproj", "{43836F90-A6AC-2A19-1810-7726449F9C16}"
EndProject
Project("{FAE04EC0-301F-11D3-BF4B-00C04F79EFBC}") = "Unity.ProBuilder.AddOns.Editor", "Unity.ProBuilder.AddOns.Editor.csproj", "{22D923AF-1327-DCF8-C8B7-BC8ED55CC53C}"
EndProject
Project("{FAE04EC0-301F-11D3-BF4B-00C04F79EFBC}") = "Unity.EditorCoroutines.Editor", "Unity.EditorCoroutines.Editor.csproj", "{A540861B-B11B-BCB9-774E-AC146EAB2BD2}"
EndProject
Project("{FAE04EC0-301F-11D3-BF4B-00C04F79EFBC}") = "Unity.VisualScripting.Shared.Editor", "Unity.VisualScripting.Shared.Editor.csproj", "{D5B9B26B-6A5B-19FF-6985-FFC93CC4C911}"
EndProject
Project("{FAE04EC0-301F-11D3-BF4B-00C04F79EFBC}") = "Unity.CollabProxy.Editor", "Unity.CollabProxy.Editor.csproj", "{90F8D59E-07CC-46E5-AFD7-3216381F5C1A}"
EndProject
Global
	GlobalSection(SolutionConfigurationPlatforms) = preSolution
		Debug|Any CPU = Debug|Any CPU
		Release|Any CPU = Release|Any CPU
	EndGlobalSection
	GlobalSection(ProjectConfigurationPlatforms) = postSolution
		{1AACC1D9-C6D7-94DE-3E0F-D015AC44436E}.Debug|Any CPU.ActiveCfg = Debug|Any CPU
		{1AACC1D9-C6D7-94DE-3E0F-D015AC44436E}.Debug|Any CPU.Build.0 = Debug|Any CPU
		{1AACC1D9-C6D7-94DE-3E0F-D015AC44436E}.Release|Any CPU.ActiveCfg = Release|Any CPU
		{1AACC1D9-C6D7-94DE-3E0F-D015AC44436E}.Release|Any CPU.Build.0 = Release|Any CPU
		{CA2AA6A3-5624-FCD9-C48F-10B0F639A329}.Debug|Any CPU.ActiveCfg = Debug|Any CPU
		{CA2AA6A3-5624-FCD9-C48F-10B0F639A329}.Debug|Any CPU.Build.0 = Debug|Any CPU
		{CA2AA6A3-5624-FCD9-C48F-10B0F639A329}.Release|Any CPU.ActiveCfg = Release|Any CPU
		{CA2AA6A3-5624-FCD9-C48F-10B0F639A329}.Release|Any CPU.Build.0 = Release|Any CPU
		{F4F3917E-A0C7-C7C3-DD22-3E05AF43CD1D}.Debug|Any CPU.ActiveCfg = Debug|Any CPU
		{F4F3917E-A0C7-C7C3-DD22-3E05AF43CD1D}.Debug|Any CPU.Build.0 = Debug|Any CPU
		{F4F3917E-A0C7-C7C3-DD22-3E05AF43CD1D}.Release|Any CPU.ActiveCfg = Release|Any CPU
		{F4F3917E-A0C7-C7C3-DD22-3E05AF43CD1D}.Release|Any CPU.Build.0 = Release|Any CPU
		{D86FCAAB-E4AA-1FD9-77DC-27A3D12CB5DA}.Debug|Any CPU.ActiveCfg = Debug|Any CPU
		{D86FCAAB-E4AA-1FD9-77DC-27A3D12CB5DA}.Debug|Any CPU.Build.0 = Debug|Any CPU
		{D86FCAAB-E4AA-1FD9-77DC-27A3D12CB5DA}.Release|Any CPU.ActiveCfg = Release|Any CPU
		{D86FCAAB-E4AA-1FD9-77DC-27A3D12CB5DA}.Release|Any CPU.Build.0 = Release|Any CPU
		{C3BBAC59-897C-6B14-3048-7998B0DD6846}.Debug|Any CPU.ActiveCfg = Debug|Any CPU
		{C3BBAC59-897C-6B14-3048-7998B0DD6846}.Debug|Any CPU.Build.0 = Debug|Any CPU
		{C3BBAC59-897C-6B14-3048-7998B0DD6846}.Release|Any CPU.ActiveCfg = Release|Any CPU
		{C3BBAC59-897C-6B14-3048-7998B0DD6846}.Release|Any CPU.Build.0 = Release|Any CPU
		{B74FDF3B-3EB4-0BE1-0D85-EFA5A192D328}.Debug|Any CPU.ActiveCfg = Debug|Any CPU
		{B74FDF3B-3EB4-0BE1-0D85-EFA5A192D328}.Debug|Any CPU.Build.0 = Debug|Any CPU
		{B74FDF3B-3EB4-0BE1-0D85-EFA5A192D328}.Release|Any CPU.ActiveCfg = Release|Any CPU
		{B74FDF3B-3EB4-0BE1-0D85-EFA5A192D328}.Release|Any CPU.Build.0 = Release|Any CPU
		{4B22706E-A3CF-4083-A8DE-8E6F3AF50F4C}.Debug|Any CPU.ActiveCfg = Debug|Any CPU
		{4B22706E-A3CF-4083-A8DE-8E6F3AF50F4C}.Debug|Any CPU.Build.0 = Debug|Any CPU
		{4B22706E-A3CF-4083-A8DE-8E6F3AF50F4C}.Release|Any CPU.ActiveCfg = Release|Any CPU
		{4B22706E-A3CF-4083-A8DE-8E6F3AF50F4C}.Release|Any CPU.Build.0 = Release|Any CPU
		{DB69F4DB-686F-43D4-251D-2EB238E667C6}.Debug|Any CPU.ActiveCfg = Debug|Any CPU
		{DB69F4DB-686F-43D4-251D-2EB238E667C6}.Debug|Any CPU.Build.0 = Debug|Any CPU
		{DB69F4DB-686F-43D4-251D-2EB238E667C6}.Release|Any CPU.ActiveCfg = Release|Any CPU
		{DB69F4DB-686F-43D4-251D-2EB238E667C6}.Release|Any CPU.Build.0 = Release|Any CPU
		{3AB61B14-BD9B-3E4B-5D0F-56F2E2DF70EF}.Debug|Any CPU.ActiveCfg = Debug|Any CPU
		{3AB61B14-BD9B-3E4B-5D0F-56F2E2DF70EF}.Debug|Any CPU.Build.0 = Debug|Any CPU
		{3AB61B14-BD9B-3E4B-5D0F-56F2E2DF70EF}.Release|Any CPU.ActiveCfg = Release|Any CPU
		{3AB61B14-BD9B-3E4B-5D0F-56F2E2DF70EF}.Release|Any CPU.Build.0 = Release|Any CPU
		{67690DDE-6A05-2CFE-4BD7-B1C3ADAE0FCA}.Debug|Any CPU.ActiveCfg = Debug|Any CPU
		{67690DDE-6A05-2CFE-4BD7-B1C3ADAE0FCA}.Debug|Any CPU.Build.0 = Debug|Any CPU
		{67690DDE-6A05-2CFE-4BD7-B1C3ADAE0FCA}.Release|Any CPU.ActiveCfg = Release|Any CPU
		{67690DDE-6A05-2CFE-4BD7-B1C3ADAE0FCA}.Release|Any CPU.Build.0 = Release|Any CPU
		{AF9C2D45-9D11-5A7C-32C2-9666BA47741A}.Debug|Any CPU.ActiveCfg = Debug|Any CPU
		{AF9C2D45-9D11-5A7C-32C2-9666BA47741A}.Debug|Any CPU.Build.0 = Debug|Any CPU
		{AF9C2D45-9D11-5A7C-32C2-9666BA47741A}.Release|Any CPU.ActiveCfg = Release|Any CPU
		{AF9C2D45-9D11-5A7C-32C2-9666BA47741A}.Release|Any CPU.Build.0 = Release|Any CPU
		{67B75606-C035-C8FA-3324-C4A7A14BADB8}.Debug|Any CPU.ActiveCfg = Debug|Any CPU
		{67B75606-C035-C8FA-3324-C4A7A14BADB8}.Debug|Any CPU.Build.0 = Debug|Any CPU
		{67B75606-C035-C8FA-3324-C4A7A14BADB8}.Release|Any CPU.ActiveCfg = Release|Any CPU
		{67B75606-C035-C8FA-3324-C4A7A14BADB8}.Release|Any CPU.Build.0 = Release|Any CPU
		{BA1B531F-4921-DFB5-5768-E636E39D335B}.Debug|Any CPU.ActiveCfg = Debug|Any CPU
		{BA1B531F-4921-DFB5-5768-E636E39D335B}.Debug|Any CPU.Build.0 = Debug|Any CPU
		{BA1B531F-4921-DFB5-5768-E636E39D335B}.Release|Any CPU.ActiveCfg = Release|Any CPU
		{BA1B531F-4921-DFB5-5768-E636E39D335B}.Release|Any CPU.Build.0 = Release|Any CPU
		{DF0BF198-A1F6-947B-47B6-1785DF49CB8E}.Debug|Any CPU.ActiveCfg = Debug|Any CPU
		{DF0BF198-A1F6-947B-47B6-1785DF49CB8E}.Debug|Any CPU.Build.0 = Debug|Any CPU
		{DF0BF198-A1F6-947B-47B6-1785DF49CB8E}.Release|Any CPU.ActiveCfg = Release|Any CPU
		{DF0BF198-A1F6-947B-47B6-1785DF49CB8E}.Release|Any CPU.Build.0 = Release|Any CPU
		{3C0C1C77-E6BC-49BC-D313-925F0E8FA9C7}.Debug|Any CPU.ActiveCfg = Debug|Any CPU
		{3C0C1C77-E6BC-49BC-D313-925F0E8FA9C7}.Debug|Any CPU.Build.0 = Debug|Any CPU
		{3C0C1C77-E6BC-49BC-D313-925F0E8FA9C7}.Release|Any CPU.ActiveCfg = Release|Any CPU
		{3C0C1C77-E6BC-49BC-D313-925F0E8FA9C7}.Release|Any CPU.Build.0 = Release|Any CPU
		{88CD03E2-F140-0752-5ADE-15BC97EE338A}.Debug|Any CPU.ActiveCfg = Debug|Any CPU
		{88CD03E2-F140-0752-5ADE-15BC97EE338A}.Debug|Any CPU.Build.0 = Debug|Any CPU
		{88CD03E2-F140-0752-5ADE-15BC97EE338A}.Release|Any CPU.ActiveCfg = Release|Any CPU
		{88CD03E2-F140-0752-5ADE-15BC97EE338A}.Release|Any CPU.Build.0 = Release|Any CPU
		{3DA9DF13-4277-60D4-C6B9-596826924769}.Debug|Any CPU.ActiveCfg = Debug|Any CPU
		{3DA9DF13-4277-60D4-C6B9-596826924769}.Debug|Any CPU.Build.0 = Debug|Any CPU
		{3DA9DF13-4277-60D4-C6B9-596826924769}.Release|Any CPU.ActiveCfg = Release|Any CPU
		{3DA9DF13-4277-60D4-C6B9-596826924769}.Release|Any CPU.Build.0 = Release|Any CPU
		{EC0B3A62-1249-3C61-60DC-EC964990D804}.Debug|Any CPU.ActiveCfg = Debug|Any CPU
		{EC0B3A62-1249-3C61-60DC-EC964990D804}.Debug|Any CPU.Build.0 = Debug|Any CPU
		{EC0B3A62-1249-3C61-60DC-EC964990D804}.Release|Any CPU.ActiveCfg = Release|Any CPU
		{EC0B3A62-1249-3C61-60DC-EC964990D804}.Release|Any CPU.Build.0 = Release|Any CPU
		{011B43C7-9905-311B-4E1D-FED04AD59363}.Debug|Any CPU.ActiveCfg = Debug|Any CPU
		{011B43C7-9905-311B-4E1D-FED04AD59363}.Debug|Any CPU.Build.0 = Debug|Any CPU
		{011B43C7-9905-311B-4E1D-FED04AD59363}.Release|Any CPU.ActiveCfg = Release|Any CPU
		{011B43C7-9905-311B-4E1D-FED04AD59363}.Release|Any CPU.Build.0 = Release|Any CPU
		{85C264EB-FEE5-AC72-99D1-A5F6C55CEBFE}.Debug|Any CPU.ActiveCfg = Debug|Any CPU
		{85C264EB-FEE5-AC72-99D1-A5F6C55CEBFE}.Debug|Any CPU.Build.0 = Debug|Any CPU
		{85C264EB-FEE5-AC72-99D1-A5F6C55CEBFE}.Release|Any CPU.ActiveCfg = Release|Any CPU
		{85C264EB-FEE5-AC72-99D1-A5F6C55CEBFE}.Release|Any CPU.Build.0 = Release|Any CPU
		{9C7B882A-A6BC-A63C-E651-3B61126797BD}.Debug|Any CPU.ActiveCfg = Debug|Any CPU
		{9C7B882A-A6BC-A63C-E651-3B61126797BD}.Debug|Any CPU.Build.0 = Debug|Any CPU
		{9C7B882A-A6BC-A63C-E651-3B61126797BD}.Release|Any CPU.ActiveCfg = Release|Any CPU
		{9C7B882A-A6BC-A63C-E651-3B61126797BD}.Release|Any CPU.Build.0 = Release|Any CPU
		{DB5033A5-88CF-E160-0B7D-D961C713F834}.Debug|Any CPU.ActiveCfg = Debug|Any CPU
		{DB5033A5-88CF-E160-0B7D-D961C713F834}.Debug|Any CPU.Build.0 = Debug|Any CPU
		{DB5033A5-88CF-E160-0B7D-D961C713F834}.Release|Any CPU.ActiveCfg = Release|Any CPU
		{DB5033A5-88CF-E160-0B7D-D961C713F834}.Release|Any CPU.Build.0 = Release|Any CPU
		{D9D63B9C-E4FC-2493-A557-9D0586106938}.Debug|Any CPU.ActiveCfg = Debug|Any CPU
		{D9D63B9C-E4FC-2493-A557-9D0586106938}.Debug|Any CPU.Build.0 = Debug|Any CPU
		{D9D63B9C-E4FC-2493-A557-9D0586106938}.Release|Any CPU.ActiveCfg = Release|Any CPU
		{D9D63B9C-E4FC-2493-A557-9D0586106938}.Release|Any CPU.Build.0 = Release|Any CPU
		{81B388DA-5644-A80C-F7E3-5664A3368511}.Debug|Any CPU.ActiveCfg = Debug|Any CPU
		{81B388DA-5644-A80C-F7E3-5664A3368511}.Debug|Any CPU.Build.0 = Debug|Any CPU
		{81B388DA-5644-A80C-F7E3-5664A3368511}.Release|Any CPU.ActiveCfg = Release|Any CPU
		{81B388DA-5644-A80C-F7E3-5664A3368511}.Release|Any CPU.Build.0 = Release|Any CPU
		{1D413A40-80F2-1471-A300-4D920AE530CF}.Debug|Any CPU.ActiveCfg = Debug|Any CPU
		{1D413A40-80F2-1471-A300-4D920AE530CF}.Debug|Any CPU.Build.0 = Debug|Any CPU
		{1D413A40-80F2-1471-A300-4D920AE530CF}.Release|Any CPU.ActiveCfg = Release|Any CPU
		{1D413A40-80F2-1471-A300-4D920AE530CF}.Release|Any CPU.Build.0 = Release|Any CPU
		{91D23C11-8D49-DC83-ADB9-5ED8971347F8}.Debug|Any CPU.ActiveCfg = Debug|Any CPU
		{91D23C11-8D49-DC83-ADB9-5ED8971347F8}.Debug|Any CPU.Build.0 = Debug|Any CPU
		{91D23C11-8D49-DC83-ADB9-5ED8971347F8}.Release|Any CPU.ActiveCfg = Release|Any CPU
		{91D23C11-8D49-DC83-ADB9-5ED8971347F8}.Release|Any CPU.Build.0 = Release|Any CPU
		{293890E8-3CD5-3E25-3062-8D9DBC4F0D70}.Debug|Any CPU.ActiveCfg = Debug|Any CPU
		{293890E8-3CD5-3E25-3062-8D9DBC4F0D70}.Debug|Any CPU.Build.0 = Debug|Any CPU
		{293890E8-3CD5-3E25-3062-8D9DBC4F0D70}.Release|Any CPU.ActiveCfg = Release|Any CPU
		{293890E8-3CD5-3E25-3062-8D9DBC4F0D70}.Release|Any CPU.Build.0 = Release|Any CPU
		{D6E1FA2A-64F8-10B3-089E-B1B1E907DD74}.Debug|Any CPU.ActiveCfg = Debug|Any CPU
		{D6E1FA2A-64F8-10B3-089E-B1B1E907DD74}.Debug|Any CPU.Build.0 = Debug|Any CPU
		{D6E1FA2A-64F8-10B3-089E-B1B1E907DD74}.Release|Any CPU.ActiveCfg = Release|Any CPU
		{D6E1FA2A-64F8-10B3-089E-B1B1E907DD74}.Release|Any CPU.Build.0 = Release|Any CPU
		{B028000B-72EC-6182-AAAF-3379FF4649D9}.Debug|Any CPU.ActiveCfg = Debug|Any CPU
		{B028000B-72EC-6182-AAAF-3379FF4649D9}.Debug|Any CPU.Build.0 = Debug|Any CPU
		{B028000B-72EC-6182-AAAF-3379FF4649D9}.Release|Any CPU.ActiveCfg = Release|Any CPU
		{B028000B-72EC-6182-AAAF-3379FF4649D9}.Release|Any CPU.Build.0 = Release|Any CPU
		{9D77FC00-3151-CAF3-A8CC-7D74DE9894F2}.Debug|Any CPU.ActiveCfg = Debug|Any CPU
		{9D77FC00-3151-CAF3-A8CC-7D74DE9894F2}.Debug|Any CPU.Build.0 = Debug|Any CPU
		{9D77FC00-3151-CAF3-A8CC-7D74DE9894F2}.Release|Any CPU.ActiveCfg = Release|Any CPU
		{9D77FC00-3151-CAF3-A8CC-7D74DE9894F2}.Release|Any CPU.Build.0 = Release|Any CPU
		{C2D153B6-BEB7-E95C-26D7-CED019FF4EF0}.Debug|Any CPU.ActiveCfg = Debug|Any CPU
		{C2D153B6-BEB7-E95C-26D7-CED019FF4EF0}.Debug|Any CPU.Build.0 = Debug|Any CPU
		{C2D153B6-BEB7-E95C-26D7-CED019FF4EF0}.Release|Any CPU.ActiveCfg = Release|Any CPU
		{C2D153B6-BEB7-E95C-26D7-CED019FF4EF0}.Release|Any CPU.Build.0 = Release|Any CPU
		{A4DA3C4B-543E-C0FF-CE38-117C36F81385}.Debug|Any CPU.ActiveCfg = Debug|Any CPU
		{A4DA3C4B-543E-C0FF-CE38-117C36F81385}.Debug|Any CPU.Build.0 = Debug|Any CPU
		{A4DA3C4B-543E-C0FF-CE38-117C36F81385}.Release|Any CPU.ActiveCfg = Release|Any CPU
		{A4DA3C4B-543E-C0FF-CE38-117C36F81385}.Release|Any CPU.Build.0 = Release|Any CPU
		{43836F90-A6AC-2A19-1810-7726449F9C16}.Debug|Any CPU.ActiveCfg = Debug|Any CPU
		{43836F90-A6AC-2A19-1810-7726449F9C16}.Debug|Any CPU.Build.0 = Debug|Any CPU
		{43836F90-A6AC-2A19-1810-7726449F9C16}.Release|Any CPU.ActiveCfg = Release|Any CPU
		{43836F90-A6AC-2A19-1810-7726449F9C16}.Release|Any CPU.Build.0 = Release|Any CPU
		{22D923AF-1327-DCF8-C8B7-BC8ED55CC53C}.Debug|Any CPU.ActiveCfg = Debug|Any CPU
		{22D923AF-1327-DCF8-C8B7-BC8ED55CC53C}.Debug|Any CPU.Build.0 = Debug|Any CPU
		{22D923AF-1327-DCF8-C8B7-BC8ED55CC53C}.Release|Any CPU.ActiveCfg = Release|Any CPU
		{22D923AF-1327-DCF8-C8B7-BC8ED55CC53C}.Release|Any CPU.Build.0 = Release|Any CPU
		{A540861B-B11B-BCB9-774E-AC146EAB2BD2}.Debug|Any CPU.ActiveCfg = Debug|Any CPU
		{A540861B-B11B-BCB9-774E-AC146EAB2BD2}.Debug|Any CPU.Build.0 = Debug|Any CPU
		{A540861B-B11B-BCB9-774E-AC146EAB2BD2}.Release|Any CPU.ActiveCfg = Release|Any CPU
		{A540861B-B11B-BCB9-774E-AC146EAB2BD2}.Release|Any CPU.Build.0 = Release|Any CPU
		{D5B9B26B-6A5B-19FF-6985-FFC93CC4C911}.Debug|Any CPU.ActiveCfg = Debug|Any CPU
		{D5B9B26B-6A5B-19FF-6985-FFC93CC4C911}.Debug|Any CPU.Build.0 = Debug|Any CPU
		{D5B9B26B-6A5B-19FF-6985-FFC93CC4C911}.Release|Any CPU.ActiveCfg = Release|Any CPU
		{D5B9B26B-6A5B-19FF-6985-FFC93CC4C911}.Release|Any CPU.Build.0 = Release|Any CPU
		{90F8D59E-07CC-46E5-AFD7-3216381F5C1A}.Debug|Any CPU.ActiveCfg = Debug|Any CPU
		{90F8D59E-07CC-46E5-AFD7-3216381F5C1A}.Debug|Any CPU.Build.0 = Debug|Any CPU
		{90F8D59E-07CC-46E5-AFD7-3216381F5C1A}.Release|Any CPU.ActiveCfg = Release|Any CPU
		{90F8D59E-07CC-46E5-AFD7-3216381F5C1A}.Release|Any CPU.Build.0 = Release|Any CPU
	EndGlobalSection
	GlobalSection(SolutionProperties) = preSolution
		HideSolutionNode = FALSE
	EndGlobalSection
EndGlobal
